// !$*UTF8*$!
{
	archiveVersion = 1;
	classes = {
	};
	objectVersion = 55;
	objects = {

/* Begin PBXBuildFile section */
		CE78619A2837D7DA00C0777F /* DataManager.swift in Sources */ = {isa = PBXBuildFile; fileRef = CE7861992837D7DA00C0777F /* DataManager.swift */; };
		CEE1637A2835623C00BD6329 /* StateAndDataFlowSwiftUIApp.swift in Sources */ = {isa = PBXBuildFile; fileRef = CEE163792835623C00BD6329 /* StateAndDataFlowSwiftUIApp.swift */; };
		CEE1637C2835623C00BD6329 /* ContentView.swift in Sources */ = {isa = PBXBuildFile; fileRef = CEE1637B2835623C00BD6329 /* ContentView.swift */; };
		CEE1637E2835623D00BD6329 /* Assets.xcassets in Resources */ = {isa = PBXBuildFile; fileRef = CEE1637D2835623D00BD6329 /* Assets.xcassets */; };
		CEE163812835623D00BD6329 /* Preview Assets.xcassets in Resources */ = {isa = PBXBuildFile; fileRef = CEE163802835623D00BD6329 /* Preview Assets.xcassets */; };
		CEE16388283562EE00BD6329 /* RegisterView.swift in Sources */ = {isa = PBXBuildFile; fileRef = CEE16387283562EE00BD6329 /* RegisterView.swift */; };
		CEE1638A2835633700BD6329 /* UserManager.swift in Sources */ = {isa = PBXBuildFile; fileRef = CEE163892835633700BD6329 /* UserManager.swift */; };
		CEE1638C2835639500BD6329 /* TimeCounter.swift in Sources */ = {isa = PBXBuildFile; fileRef = CEE1638B2835639400BD6329 /* TimeCounter.swift */; };
		CEE1638E2835641300BD6329 /* StarterView.swift in Sources */ = {isa = PBXBuildFile; fileRef = CEE1638D2835641300BD6329 /* StarterView.swift */; };
		CEE163902835661F00BD6329 /* StartButtonView.swift in Sources */ = {isa = PBXBuildFile; fileRef = CEE1638F2835661F00BD6329 /* StartButtonView.swift */; };
		CEE1639228356B4000BD6329 /* LogOutButtonView.swift in Sources */ = {isa = PBXBuildFile; fileRef = CEE1639128356B4000BD6329 /* LogOutButtonView.swift */; };
/* End PBXBuildFile section */

/* Begin PBXFileReference section */
		CE7861992837D7DA00C0777F /* DataManager.swift */ = {isa = PBXFileReference; lastKnownFileType = sourcecode.swift; path = DataManager.swift; sourceTree = "<group>"; };
		CEE163762835623C00BD6329 /* StateAndDataFlowSwiftUI.app */ = {isa = PBXFileReference; explicitFileType = wrapper.application; includeInIndex = 0; path = StateAndDataFlowSwiftUI.app; sourceTree = BUILT_PRODUCTS_DIR; };
		CEE163792835623C00BD6329 /* StateAndDataFlowSwiftUIApp.swift */ = {isa = PBXFileReference; lastKnownFileType = sourcecode.swift; path = StateAndDataFlowSwiftUIApp.swift; sourceTree = "<group>"; };
		CEE1637B2835623C00BD6329 /* ContentView.swift */ = {isa = PBXFileReference; lastKnownFileType = sourcecode.swift; path = ContentView.swift; sourceTree = "<group>"; };
		CEE1637D2835623D00BD6329 /* Assets.xcassets */ = {isa = PBXFileReference; lastKnownFileType = folder.assetcatalog; path = Assets.xcassets; sourceTree = "<group>"; };
		CEE163802835623D00BD6329 /* Preview Assets.xcassets */ = {isa = PBXFileReference; lastKnownFileType = folder.assetcatalog; path = "Preview Assets.xcassets"; sourceTree = "<group>"; };
		CEE16387283562EE00BD6329 /* RegisterView.swift */ = {isa = PBXFileReference; lastKnownFileType = sourcecode.swift; path = RegisterView.swift; sourceTree = "<group>"; };
		CEE163892835633700BD6329 /* UserManager.swift */ = {isa = PBXFileReference; lastKnownFileType = sourcecode.swift; path = UserManager.swift; sourceTree = "<group>"; };
		CEE1638B2835639400BD6329 /* TimeCounter.swift */ = {isa = PBXFileReference; lastKnownFileType = sourcecode.swift; path = TimeCounter.swift; sourceTree = "<group>"; };
		CEE1638D2835641300BD6329 /* StarterView.swift */ = {isa = PBXFileReference; lastKnownFileType = sourcecode.swift; path = StarterView.swift; sourceTree = "<group>"; };
		CEE1638F2835661F00BD6329 /* StartButtonView.swift */ = {isa = PBXFileReference; lastKnownFileType = sourcecode.swift; path = StartButtonView.swift; sourceTree = "<group>"; };
		CEE1639128356B4000BD6329 /* LogOutButtonView.swift */ = {isa = PBXFileReference; lastKnownFileType = sourcecode.swift; path = LogOutButtonView.swift; sourceTree = "<group>"; };
/* End PBXFileReference section */

/* Begin PBXFrameworksBuildPhase section */
		CEE163732835623C00BD6329 /* Frameworks */ = {
			isa = PBXFrameworksBuildPhase;
			buildActionMask = 2147483647;
			files = (
			);
			runOnlyForDeploymentPostprocessing = 0;
		};
/* End PBXFrameworksBuildPhase section */

/* Begin PBXGroup section */
		CEE1636D2835623C00BD6329 = {
			isa = PBXGroup;
			children = (
				CEE163782835623C00BD6329 /* StateAndDataFlowSwiftUI */,
				CEE163772835623C00BD6329 /* Products */,
			);
			sourceTree = "<group>";
		};
		CEE163772835623C00BD6329 /* Products */ = {
			isa = PBXGroup;
			children = (
				CEE163762835623C00BD6329 /* StateAndDataFlowSwiftUI.app */,
			);
			name = Products;
			sourceTree = "<group>";
		};
		CEE163782835623C00BD6329 /* StateAndDataFlowSwiftUI */ = {
			isa = PBXGroup;
			children = (
				CEE163792835623C00BD6329 /* StateAndDataFlowSwiftUIApp.swift */,
				CEE1637B2835623C00BD6329 /* ContentView.swift */,
				CEE16387283562EE00BD6329 /* RegisterView.swift */,
				CEE1638D2835641300BD6329 /* StarterView.swift */,
				CEE1638F2835661F00BD6329 /* StartButtonView.swift */,
				CEE1639128356B4000BD6329 /* LogOutButtonView.swift */,
				CEE163892835633700BD6329 /* UserManager.swift */,
				CE7861992837D7DA00C0777F /* DataManager.swift */,
				CEE1638B2835639400BD6329 /* TimeCounter.swift */,
				CEE1637D2835623D00BD6329 /* Assets.xcassets */,
				CEE1637F2835623D00BD6329 /* Preview Content */,
			);
			path = StateAndDataFlowSwiftUI;
			sourceTree = "<group>";
		};
		CEE1637F2835623D00BD6329 /* Preview Content */ = {
			isa = PBXGroup;
			children = (
				CEE163802835623D00BD6329 /* Preview Assets.xcassets */,
			);
			path = "Preview Content";
			sourceTree = "<group>";
		};
/* End PBXGroup section */

/* Begin PBXNativeTarget section */
		CEE163752835623C00BD6329 /* StateAndDataFlowSwiftUI */ = {
			isa = PBXNativeTarget;
			buildConfigurationList = CEE163842835623D00BD6329 /* Build configuration list for PBXNativeTarget "StateAndDataFlowSwiftUI" */;
			buildPhases = (
				CEE163722835623C00BD6329 /* Sources */,
				CEE163732835623C00BD6329 /* Frameworks */,
				CEE163742835623C00BD6329 /* Resources */,
			);
			buildRules = (
			);
			dependencies = (
			);
			name = StateAndDataFlowSwiftUI;
			productName = StateAndDataFlowSwiftUI;
			productReference = CEE163762835623C00BD6329 /* StateAndDataFlowSwiftUI.app */;
			productType = "com.apple.product-type.application";
		};
/* End PBXNativeTarget section */

/* Begin PBXProject section */
		CEE1636E2835623C00BD6329 /* Project object */ = {
			isa = PBXProject;
			attributes = {
				BuildIndependentTargetsInParallel = 1;
				LastSwiftUpdateCheck = 1330;
				LastUpgradeCheck = 1330;
				TargetAttributes = {
					CEE163752835623C00BD6329 = {
						CreatedOnToolsVersion = 13.3.1;
					};
				};
			};
			buildConfigurationList = CEE163712835623C00BD6329 /* Build configuration list for PBXProject "StateAndDataFlowSwiftUI" */;
			compatibilityVersion = "Xcode 13.0";
			developmentRegion = en;
			hasScannedForEncodings = 0;
			knownRegions = (
				en,
				Base,
			);
			mainGroup = CEE1636D2835623C00BD6329;
			productRefGroup = CEE163772835623C00BD6329 /* Products */;
			projectDirPath = "";
			projectRoot = "";
			targets = (
				CEE163752835623C00BD6329 /* StateAndDataFlowSwiftUI */,
			);
		};
/* End PBXProject section */

/* Begin PBXResourcesBuildPhase section */
		CEE163742835623C00BD6329 /* Resources */ = {
			isa = PBXResourcesBuildPhase;
			buildActionMask = 2147483647;
			files = (
				CEE163812835623D00BD6329 /* Preview Assets.xcassets in Resources */,
				CEE1637E2835623D00BD6329 /* Assets.xcassets in Resources */,
			);
			runOnlyForDeploymentPostprocessing = 0;
		};
/* End PBXResourcesBuildPhase section */

/* Begin PBXSourcesBuildPhase section */
		CEE163722835623C00BD6329 /* Sources */ = {
			isa = PBXSourcesBuildPhase;
			buildActionMask = 2147483647;
			files = (
				CEE163902835661F00BD6329 /* StartButtonView.swift in Sources */,
				CEE16388283562EE00BD6329 /* RegisterView.swift in Sources */,
				CEE1639228356B4000BD6329 /* LogOutButtonView.swift in Sources */,
				CEE1637C2835623C00BD6329 /* ContentView.swift in Sources */,
				CEE1638E2835641300BD6329 /* StarterView.swift in Sources */,
				CEE1638A2835633700BD6329 /* UserManager.swift in Sources */,
				CEE1638C2835639500BD6329 /* TimeCounter.swift in Sources */,
				CE78619A2837D7DA00C0777F /* DataManager.swift in Sources */,
				CEE1637A2835623C00BD6329 /* StateAndDataFlowSwiftUIApp.swift in Sources */,
			);
			runOnlyForDeploymentPostprocessing = 0;
		};
/* End PBXSourcesBuildPhase section */

/* Begin XCBuildConfiguration section */
		CEE163822835623D00BD6329 /* Debug */ = {
			isa = XCBuildConfiguration;
			buildSettings = {
				ALWAYS_SEARCH_USER_PATHS = NO;
				CLANG_ANALYZER_NONNULL = YES;
				CLANG_ANALYZER_NUMBER_OBJECT_CONVERSION = YES_AGGRESSIVE;
				CLANG_CXX_LANGUAGE_STANDARD = "gnu++17";
				CLANG_ENABLE_MODULES = YES;
				CLANG_ENABLE_OBJC_ARC = YES;
				CLANG_ENABLE_OBJC_WEAK = YES;
				CLANG_WARN_BLOCK_CAPTURE_AUTORELEASING = YES;
				CLANG_WARN_BOOL_CONVERSION = YES;
				CLANG_WARN_COMMA = YES;
				CLANG_WARN_CONSTANT_CONVERSION = YES;
				CLANG_WARN_DEPRECATED_OBJC_IMPLEMENTATIONS = YES;
				CLANG_WARN_DIRECT_OBJC_ISA_USAGE = YES_ERROR;
				CLANG_WARN_DOCUMENTATION_COMMENTS = YES;
				CLANG_WARN_EMPTY_BODY = YES;
				CLANG_WARN_ENUM_CONVERSION = YES;
				CLANG_WARN_INFINITE_RECURSION = YES;
				CLANG_WARN_INT_CONVERSION = YES;
				CLANG_WARN_NON_LITERAL_NULL_CONVERSION = YES;
				CLANG_WARN_OBJC_IMPLICIT_RETAIN_SELF = YES;
				CLANG_WARN_OBJC_LITERAL_CONVERSION = YES;
				CLANG_WARN_OBJC_ROOT_CLASS = YES_ERROR;
				CLANG_WARN_QUOTED_INCLUDE_IN_FRAMEWORK_HEADER = YES;
				CLANG_WARN_RANGE_LOOP_ANALYSIS = YES;
				CLANG_WARN_STRICT_PROTOTYPES = YES;
				CLANG_WARN_SUSPICIOUS_MOVE = YES;
				CLANG_WARN_UNGUARDED_AVAILABILITY = YES_AGGRESSIVE;
				CLANG_WARN_UNREACHABLE_CODE = YES;
				CLANG_WARN__DUPLICATE_METHOD_MATCH = YES;
				COPY_PHASE_STRIP = NO;
				DEBUG_INFORMATION_FORMAT = dwarf;
				ENABLE_STRICT_OBJC_MSGSEND = YES;
				ENABLE_TESTABILITY = YES;
				GCC_C_LANGUAGE_STANDARD = gnu11;
				GCC_DYNAMIC_NO_PIC = NO;
				GCC_NO_COMMON_BLOCKS = YES;
				GCC_OPTIMIZATION_LEVEL = 0;
				GCC_PREPROCESSOR_DEFINITIONS = (
					"DEBUG=1",
					"$(inherited)",
				);
				GCC_WARN_64_TO_32_BIT_CONVERSION = YES;
				GCC_WARN_ABOUT_RETURN_TYPE = YES_ERROR;
				GCC_WARN_UNDECLARED_SELECTOR = YES;
				GCC_WARN_UNINITIALIZED_AUTOS = YES_AGGRESSIVE;
				GCC_WARN_UNUSED_FUNCTION = YES;
				GCC_WARN_UNUSED_VARIABLE = YES;
				IPHONEOS_DEPLOYMENT_TARGET = 15.4;
				MTL_ENABLE_DEBUG_INFO = INCLUDE_SOURCE;
				MTL_FAST_MATH = YES;
				ONLY_ACTIVE_ARCH = YES;
				SDKROOT = iphoneos;
				SWIFT_ACTIVE_COMPILATION_CONDITIONS = DEBUG;
				SWIFT_OPTIMIZATION_LEVEL = "-Onone";
			};
			name = Debug;
		};
		CEE163832835623D00BD6329 /* Release */ = {
			isa = XCBuildConfiguration;
			buildSettings = {
				ALWAYS_SEARCH_USER_PATHS = NO;
				CLANG_ANALYZER_NONNULL = YES;
				CLANG_ANALYZER_NUMBER_OBJECT_CONVERSION = YES_AGGRESSIVE;
				CLANG_CXX_LANGUAGE_STANDARD = "gnu++17";
				CLANG_ENABLE_MODULES = YES;
				CLANG_ENABLE_OBJC_ARC = YES;
				CLANG_ENABLE_OBJC_WEAK = YES;
				CLANG_WARN_BLOCK_CAPTURE_AUTORELEASING = YES;
				CLANG_WARN_BOOL_CONVERSION = YES;
				CLANG_WARN_COMMA = YES;
				CLANG_WARN_CONSTANT_CONVERSION = YES;
				CLANG_WARN_DEPRECATED_OBJC_IMPLEMENTATIONS = YES;
				CLANG_WARN_DIRECT_OBJC_ISA_USAGE = YES_ERROR;
				CLANG_WARN_DOCUMENTATION_COMMENTS = YES;
				CLANG_WARN_EMPTY_BODY = YES;
				CLANG_WARN_ENUM_CONVERSION = YES;
				CLANG_WARN_INFINITE_RECURSION = YES;
				CLANG_WARN_INT_CONVERSION = YES;
				CLANG_WARN_NON_LITERAL_NULL_CONVERSION = YES;
				CLANG_WARN_OBJC_IMPLICIT_RETAIN_SELF = YES;
				CLANG_WARN_OBJC_LITERAL_CONVERSION = YES;
				CLANG_WARN_OBJC_ROOT_CLASS = YES_ERROR;
				CLANG_WARN_QUOTED_INCLUDE_IN_FRAMEWORK_HEADER = YES;
				CLANG_WARN_RANGE_LOOP_ANALYSIS = YES;
				CLANG_WARN_STRICT_PROTOTYPES = YES;
				CLANG_WARN_SUSPICIOUS_MOVE = YES;
				CLANG_WARN_UNGUARDED_AVAILABILITY = YES_AGGRESSIVE;
				CLANG_WARN_UNREACHABLE_CODE = YES;
				CLANG_WARN__DUPLICATE_METHOD_MATCH = YES;
				COPY_PHASE_STRIP = NO;
				DEBUG_INFORMATION_FORMAT = "dwarf-with-dsym";
				ENABLE_NS_ASSERTIONS = NO;
				ENABLE_STRICT_OBJC_MSGSEND = YES;
				GCC_C_LANGUAGE_STANDARD = gnu11;
				GCC_NO_COMMON_BLOCKS = YES;
				GCC_WARN_64_TO_32_BIT_CONVERSION = YES;
				GCC_WARN_ABOUT_RETURN_TYPE = YES_ERROR;
				GCC_WARN_UNDECLARED_SELECTOR = YES;
				GCC_WARN_UNINITIALIZED_AUTOS = YES_AGGRESSIVE;
				GCC_WARN_UNUSED_FUNCTION = YES;
				GCC_WARN_UNUSED_VARIABLE = YES;
				IPHONEOS_DEPLOYMENT_TARGET = 15.4;
				MTL_ENABLE_DEBUG_INFO = NO;
				MTL_FAST_MATH = YES;
				SDKROOT = iphoneos;
				SWIFT_COMPILATION_MODE = wholemodule;
				SWIFT_OPTIMIZATION_LEVEL = "-O";
				VALIDATE_PRODUCT = YES;
			};
			name = Release;
		};
		CEE163852835623D00BD6329 /* Debug */ = {
			isa = XCBuildConfiguration;
			buildSettings = {
				ASSETCATALOG_COMPILER_APPICON_NAME = AppIcon;
				ASSETCATALOG_COMPILER_GLOBAL_ACCENT_COLOR_NAME = AccentColor;
				CODE_SIGN_STYLE = Automatic;
				CURRENT_PROJECT_VERSION = 1;
				DEVELOPMENT_ASSET_PATHS = "\"StateAndDataFlowSwiftUI/Preview Content\"";
				DEVELOPMENT_TEAM = DTSRHZ7G5C;
				ENABLE_PREVIEWS = YES;
				GENERATE_INFOPLIST_FILE = YES;
				INFOPLIST_KEY_UIApplicationSceneManifest_Generation = YES;
				INFOPLIST_KEY_UIApplicationSupportsIndirectInputEvents = YES;
				INFOPLIST_KEY_UILaunchScreen_Generation = YES;
				INFOPLIST_KEY_UISupportedInterfaceOrientations_iPad = "UIInterfaceOrientationPortrait UIInterfaceOrientationPortraitUpsideDown UIInterfaceOrientationLandscapeLeft UIInterfaceOrientationLandscapeRight";
				INFOPLIST_KEY_UISupportedInterfaceOrientations_iPhone = "UIInterfaceOrientationPortrait UIInterfaceOrientationLandscapeLeft UIInterfaceOrientationLandscapeRight";
				LD_RUNPATH_SEARCH_PATHS = (
					"$(inherited)",
					"@executable_path/Frameworks",
				);
				MARKETING_VERSION = 1.0;
				PRODUCT_BUNDLE_IDENTIFIER = DreamToBeADev.StateAndDataFlowSwiftUI;
				PRODUCT_NAME = "$(TARGET_NAME)";
				SWIFT_EMIT_LOC_STRINGS = YES;
				SWIFT_VERSION = 5.0;
				TARGETED_DEVICE_FAMILY = "1,2";
			};
			name = Debug;
		};
		CEE163862835623D00BD6329 /* Release */ = {
			isa = XCBuildConfiguration;
			buildSettings = {
				ASSETCATALOG_COMPILER_APPICON_NAME = AppIcon;
				ASSETCATALOG_COMPILER_GLOBAL_ACCENT_COLOR_NAME = AccentColor;
				CODE_SIGN_STYLE = Automatic;
				CURRENT_PROJECT_VERSION = 1;
				DEVELOPMENT_ASSET_PATHS = "\"StateAndDataFlowSwiftUI/Preview Content\"";
				DEVELOPMENT_TEAM = DTSRHZ7G5C;
				ENABLE_PREVIEWS = YES;
				GENERATE_INFOPLIST_FILE = YES;
				INFOPLIST_KEY_UIApplicationSceneManifest_Generation = YES;
				INFOPLIST_KEY_UIApplicationSupportsIndirectInputEvents = YES;
				INFOPLIST_KEY_UILaunchScreen_Generation = YES;
				INFOPLIST_KEY_UISupportedInterfaceOrientations_iPad = "UIInterfaceOrientationPortrait UIInterfaceOrientationPortraitUpsideDown UIInterfaceOrientationLandscapeLeft UIInterfaceOrientationLandscapeRight";
				INFOPLIST_KEY_UISupportedInterfaceOrientations_iPhone = "UIInterfaceOrientationPortrait UIInterfaceOrientationLandscapeLeft UIInterfaceOrientationLandscapeRight";
				LD_RUNPATH_SEARCH_PATHS = (
					"$(inherited)",
					"@executable_path/Frameworks",
				);
				MARKETING_VERSION = 1.0;
				PRODUCT_BUNDLE_IDENTIFIER = DreamToBeADev.StateAndDataFlowSwiftUI;
				PRODUCT_NAME = "$(TARGET_NAME)";
				SWIFT_EMIT_LOC_STRINGS = YES;
				SWIFT_VERSION = 5.0;
				TARGETED_DEVICE_FAMILY = "1,2";
			};
			name = Release;
		};
/* End XCBuildConfiguration section */

/* Begin XCConfigurationList section */
		CEE163712835623C00BD6329 /* Build configuration list for PBXProject "StateAndDataFlowSwiftUI" */ = {
			isa = XCConfigurationList;
			buildConfigurations = (
				CEE163822835623D00BD6329 /* Debug */,
				CEE163832835623D00BD6329 /* Release */,
			);
			defaultConfigurationIsVisible = 0;
			defaultConfigurationName = Release;
		};
		CEE163842835623D00BD6329 /* Build configuration list for PBXNativeTarget "StateAndDataFlowSwiftUI" */ = {
			isa = XCConfigurationList;
			buildConfigurations = (
				CEE163852835623D00BD6329 /* Debug */,
				CEE163862835623D00BD6329 /* Release */,
			);
			defaultConfigurationIsVisible = 0;
			defaultConfigurationName = Release;
		};
/* End XCConfigurationList section */
	};
	rootObject = CEE1636E2835623C00BD6329 /* Project object */;
}
